
Microsoft Visual Studio Solution File, Format Version 12.00
# Visual Studio 15
VisualStudioVersion = 15.0.28307.168
MinimumVisualStudioVersion = 10.0.40219.1
Project("{9A19103F-16F7-4668-BE54-9A1E7A4F7556}") = "DatingApp", "DatingApp\DatingApp.csproj", "{00E60696-FC5C-411B-8A65-82BCF4BCF43F}"
EndProject
Project("{FAE04EC0-301F-11D3-BF4B-00C04F79EFBC}") = "Common", "Common\Common.csproj", "{F261B138-289F-47C5-950B-DB9C6A5B507D}"
EndProject
Global
	GlobalSection(SolutionConfigurationPlatforms) = preSolution
		Debug|Any CPU = Debug|Any CPU
		Release|Any CPU = Release|Any CPU
	EndGlobalSection
	GlobalSection(ProjectConfigurationPlatforms) = postSolution
		{00E60696-FC5C-411B-8A65-82BCF4BCF43F}.Debug|Any CPU.ActiveCfg = Debug|Any CPU
		{00E60696-FC5C-411B-8A65-82BCF4BCF43F}.Debug|Any CPU.Build.0 = Debug|Any CPU
		{00E60696-FC5C-411B-8A65-82BCF4BCF43F}.Release|Any CPU.ActiveCfg = Release|Any CPU
		{00E60696-FC5C-411B-8A65-82BCF4BCF43F}.Release|Any CPU.Build.0 = Release|Any CPU
		{F261B138-289F-47C5-950B-DB9C6A5B507D}.Debug|Any CPU.ActiveCfg = Debug|Any CPU
		{F261B138-289F-47C5-950B-DB9C6A5B507D}.Debug|Any CPU.Build.0 = Debug|Any CPU
		{F261B138-289F-47C5-950B-DB9C6A5B507D}.Release|Any CPU.ActiveCfg = Release|Any CPU
		{F261B138-289F-47C5-950B-DB9C6A5B507D}.Release|Any CPU.Build.0 = Release|Any CPU
	EndGlobalSection
	GlobalSection(SolutionProperties) = preSolution
		HideSolutionNode = FALSE
	EndGlobalSection
	GlobalSection(ExtensibilityGlobals) = postSolution
		SolutionGuid = {B7E128F3-7860-44FC-A65A-01B3225994A7}
	EndGlobalSection
EndGlobal
